github.com/joincloud/home-platform v0.0.0-20200615175908-bd7eccaad417 h1:X8bvWHZn4VAll7SFiUOc69cgqxLjWGmYB7lkzWylnF4=
github.com/joincloud/home-platform/registry v0.0.0-20200615175908-bd7eccaad417 h1:f1+iLzhr2mgl7+EkX6qdBoDcVrJyf8Wr70puq/8qIPI=
github.com/joincloud/home-platform/registry v0.0.0-20200615175908-bd7eccaad417/go.mod h1:Yn/asOOP2rfcGQ6k/jvCYMf0C3MrFywkE9qJE3gd3G8=
github.com/joincloud/peers-touch v0.0.0-20200618160025-d01548dc77c6 h1:aRbRpFygPwMQmQx/BJX51opRZIrSsz9knwej8oIkidY=
github.com/joincloud/peers-touch v0.0.0-20200618160025-d01548dc77c6/go.mod h1:8kx77e6YrBmbFoMTdmHe2fqCb6QvquuX4c/QzpoixrQ=
